// !$*UTF8*$!
{
	archiveVersion = 1;
	classes = {
	};
	objectVersion = 56;
	objects = {

/* Begin PBXBuildFile section */
		790456712BDD0C040009FA34 /* UIView + Ext.swift in Sources */ = {isa = PBXBuildFile; fileRef = 790456702BDD0C040009FA34 /* UIView + Ext.swift */; };
		790456732BDD2A8B0009FA34 /* AllNutritions.swift in Sources */ = {isa = PBXBuildFile; fileRef = 790456722BDD2A8B0009FA34 /* AllNutritions.swift */; };
		790456BF2BE193EE0009FA34 /* EditWeightViewController.swift in Sources */ = {isa = PBXBuildFile; fileRef = 790456BE2BE193EE0009FA34 /* EditWeightViewController.swift */; };
		790456C32BE22C290009FA34 /* UITextField + Ext.swift in Sources */ = {isa = PBXBuildFile; fileRef = 790456C22BE22C290009FA34 /* UITextField + Ext.swift */; };
		790456C52BE26DB80009FA34 /* AllProducts.swift in Sources */ = {isa = PBXBuildFile; fileRef = 790456C42BE26DB80009FA34 /* AllProducts.swift */; };
		790457202BE2972F0009FA34 /* access_control.control.mx in Resources */ = {isa = PBXBuildFile; fileRef = 7904571A2BE2972F0009FA34 /* access_control.control.mx */; };
		790457212BE2972F0009FA34 /* access_control.versions.mx in Resources */ = {isa = PBXBuildFile; fileRef = 7904571B2BE2972F0009FA34 /* access_control.versions.mx */; };
		790457222BE2972F0009FA34 /* access_control.write.mx in Resources */ = {isa = PBXBuildFile; fileRef = 7904571C2BE2972F0009FA34 /* access_control.write.mx */; };
		790457232BE2972F0009FA34 /* productsFromProject.realm in Resources */ = {isa = PBXBuildFile; fileRef = 7904571E2BE2972F0009FA34 /* productsFromProject.realm */; };
		790457242BE2972F0009FA34 /* productsFromProject.realm.lock in Resources */ = {isa = PBXBuildFile; fileRef = 7904571F2BE2972F0009FA34 /* productsFromProject.realm.lock */; };
		790457262BE3E5AF0009FA34 /* TexturedView.swift in Sources */ = {isa = PBXBuildFile; fileRef = 790457252BE3E5AF0009FA34 /* TexturedView.swift */; };
		7916A8AF2C1A2D480032B3C0 /* Main.storyboard in Resources */ = {isa = PBXBuildFile; fileRef = 792DB1902BBADF4800209193 /* Main.storyboard */; };
		7916A8B42C1AB0600032B3C0 /* Localizable.strings in Resources */ = {isa = PBXBuildFile; fileRef = 7916A8B22C1AB0600032B3C0 /* Localizable.strings */; };
		7916A8B72C1ACA600032B3C0 /* String + Ext.swift in Sources */ = {isa = PBXBuildFile; fileRef = 7916A8B62C1ACA600032B3C0 /* String + Ext.swift */; };
		792DB18B2BBADF4800209193 /* AppDelegate.swift in Sources */ = {isa = PBXBuildFile; fileRef = 792DB18A2BBADF4800209193 /* AppDelegate.swift */; };
		792DB18D2BBADF4800209193 /* SceneDelegate.swift in Sources */ = {isa = PBXBuildFile; fileRef = 792DB18C2BBADF4800209193 /* SceneDelegate.swift */; };
		792DB18F2BBADF4800209193 /* MainViewController.swift in Sources */ = {isa = PBXBuildFile; fileRef = 792DB18E2BBADF4800209193 /* MainViewController.swift */; };
		792DB1942BBADF4900209193 /* Assets.xcassets in Resources */ = {isa = PBXBuildFile; fileRef = 792DB1932BBADF4900209193 /* Assets.xcassets */; };
		792DB1972BBADF4900209193 /* Base in Resources */ = {isa = PBXBuildFile; fileRef = 792DB1962BBADF4900209193 /* Base */; };
		7946F7EE2BBB1B58005C3F33 /* ProfileViewController.swift in Sources */ = {isa = PBXBuildFile; fileRef = 7946F7ED2BBB1B58005C3F33 /* ProfileViewController.swift */; };
		7946F8282BC068C8005C3F33 /* SettingsViewController.swift in Sources */ = {isa = PBXBuildFile; fileRef = 7946F8272BC068C8005C3F33 /* SettingsViewController.swift */; };
		7946F82B2BC1F631005C3F33 /* Settings.swift in Sources */ = {isa = PBXBuildFile; fileRef = 7946F82A2BC1F630005C3F33 /* Settings.swift */; };
		7946F82E2BC1F6AF005C3F33 /* StorageManager.swift in Sources */ = {isa = PBXBuildFile; fileRef = 7946F82D2BC1F6AF005C3F33 /* StorageManager.swift */; };
		7946F8342BC28E60005C3F33 /* UIScrollView + Ext.swift in Sources */ = {isa = PBXBuildFile; fileRef = 7946F8332BC28E60005C3F33 /* UIScrollView + Ext.swift */; };
		7946F8392BC2B0BE005C3F33 /* Realm in Frameworks */ = {isa = PBXBuildFile; productRef = 7946F8382BC2B0BE005C3F33 /* Realm */; };
		7946F83B2BC2B0BE005C3F33 /* RealmSwift in Frameworks */ = {isa = PBXBuildFile; productRef = 7946F83A2BC2B0BE005C3F33 /* RealmSwift */; };
		7946F8412BC2F914005C3F33 /* CircularProgressBar.swift in Sources */ = {isa = PBXBuildFile; fileRef = 7946F8402BC2F914005C3F33 /* CircularProgressBar.swift */; };
		7946F8432BC44B61005C3F33 /* ProductsListViewCell.swift in Sources */ = {isa = PBXBuildFile; fileRef = 7946F8422BC44B61005C3F33 /* ProductsListViewCell.swift */; };
		7946F8492BC455F9005C3F33 /* History.swift in Sources */ = {isa = PBXBuildFile; fileRef = 7946F8482BC455F9005C3F33 /* History.swift */; };
		7946F8CD2BCA9904005C3F33 /* Person.swift in Sources */ = {isa = PBXBuildFile; fileRef = 7946F8CC2BCA9904005C3F33 /* Person.swift */; };
		7946F8CF2BCBD712005C3F33 /* AddProductToHistoryViewController.swift in Sources */ = {isa = PBXBuildFile; fileRef = 7946F8CE2BCBD712005C3F33 /* AddProductToHistoryViewController.swift */; };
		7946F8D12BCBE6B8005C3F33 /* UIDatePicker + Ext.swift in Sources */ = {isa = PBXBuildFile; fileRef = 7946F8D02BCBE6B8005C3F33 /* UIDatePicker + Ext.swift */; };
		7946F8EB2BCC2DF2005C3F33 /* AddNewProductViewController.swift in Sources */ = {isa = PBXBuildFile; fileRef = 7946F8EA2BCC2DF2005C3F33 /* AddNewProductViewController.swift */; };
		7946F8ED2BCD50E4005C3F33 /* HistoryViewController.swift in Sources */ = {isa = PBXBuildFile; fileRef = 7946F8EC2BCD50E4005C3F33 /* HistoryViewController.swift */; };
		7946F8EF2BCD5C34005C3F33 /* Date + Ext.swift in Sources */ = {isa = PBXBuildFile; fileRef = 7946F8EE2BCD5C34005C3F33 /* Date + Ext.swift */; };
		7946F8F12BCE7C78005C3F33 /* HistoryProductViewCell.swift in Sources */ = {isa = PBXBuildFile; fileRef = 7946F8F02BCE7C78005C3F33 /* HistoryProductViewCell.swift */; };
		795D99BA2C02774E009AC9CA /* FirebaseCrashlytics in Frameworks */ = {isa = PBXBuildFile; productRef = 795D99B92C02774E009AC9CA /* FirebaseCrashlytics */; };
		795D99BD2C04C78D009AC9CA /* GoogleMobileAds in Frameworks */ = {isa = PBXBuildFile; productRef = 795D99BC2C04C78D009AC9CA /* GoogleMobileAds */; };
		795D99C32C05DDE8009AC9CA /* PurchasesManager.swift in Sources */ = {isa = PBXBuildFile; fileRef = 795D99C22C05DDE8009AC9CA /* PurchasesManager.swift */; };
		795D99C72C06375A009AC9CA /* PurchasesViewController.swift in Sources */ = {isa = PBXBuildFile; fileRef = 795D99C62C06375A009AC9CA /* PurchasesViewController.swift */; };
		795D99C82C077C53009AC9CA /* StoreKit.framework in Frameworks */ = {isa = PBXBuildFile; fileRef = 795D99C02C05DD2B009AC9CA /* StoreKit.framework */; };
		795D99D02C077E9D009AC9CA /* TPInAppReceipt in Frameworks */ = {isa = PBXBuildFile; productRef = 795D99CF2C077E9D009AC9CA /* TPInAppReceipt */; };
		79658B3F2C02338A000BD566 /* GoogleService-Info.plist in Resources */ = {isa = PBXBuildFile; fileRef = 79658B3E2C02338A000BD566 /* GoogleService-Info.plist */; };
		79658B422C0235D8000BD566 /* FirebaseAnalytics in Frameworks */ = {isa = PBXBuildFile; productRef = 79658B412C0235D8000BD566 /* FirebaseAnalytics */; };
		79658B442C0235D8000BD566 /* FirebaseAnalyticsSwift in Frameworks */ = {isa = PBXBuildFile; productRef = 79658B432C0235D8000BD566 /* FirebaseAnalyticsSwift */; };
		79658B462C0235D8000BD566 /* FirebaseAppCheck in Frameworks */ = {isa = PBXBuildFile; productRef = 79658B452C0235D8000BD566 /* FirebaseAppCheck */; };
		79658B492C0240E8000BD566 /* FirebaseMessaging in Frameworks */ = {isa = PBXBuildFile; productRef = 79658B482C0240E8000BD566 /* FirebaseMessaging */; };
		79681EC02C121F85005D268E /* FAQViewController.swift in Sources */ = {isa = PBXBuildFile; fileRef = 79681EBF2C121F85005D268E /* FAQViewController.swift */; };
		79BD10562BF69B20005C049A /* UIViewController + Ext.swift in Sources */ = {isa = PBXBuildFile; fileRef = 79BD10552BF69B20005C049A /* UIViewController + Ext.swift */; };
		79CBA7912C08E599008EED18 /* BarcodeScanner in Frameworks */ = {isa = PBXBuildFile; productRef = 79CBA7902C08E599008EED18 /* BarcodeScanner */; };
		79CBA7932C0A2E7D008EED18 /* SearchProduct.swift in Sources */ = {isa = PBXBuildFile; fileRef = 79CBA7922C0A2E7D008EED18 /* SearchProduct.swift */; };
		79FE15482C1CB137001A9384 /* InfoPlist.strings in Resources */ = {isa = PBXBuildFile; fileRef = 79FE15462C1CB137001A9384 /* InfoPlist.strings */; };
/* End PBXBuildFile section */

/* Begin PBXFileReference section */
		790456702BDD0C040009FA34 /* UIView + Ext.swift */ = {isa = PBXFileReference; lastKnownFileType = sourcecode.swift; path = "UIView + Ext.swift"; sourceTree = "<group>"; };
		790456722BDD2A8B0009FA34 /* AllNutritions.swift */ = {isa = PBXFileReference; lastKnownFileType = sourcecode.swift; path = AllNutritions.swift; sourceTree = "<group>"; };
		790456BE2BE193EE0009FA34 /* EditWeightViewController.swift */ = {isa = PBXFileReference; lastKnownFileType = sourcecode.swift; path = EditWeightViewController.swift; sourceTree = "<group>"; };
		790456C22BE22C290009FA34 /* UITextField + Ext.swift */ = {isa = PBXFileReference; lastKnownFileType = sourcecode.swift; path = "UITextField + Ext.swift"; sourceTree = "<group>"; };
		790456C42BE26DB80009FA34 /* AllProducts.swift */ = {isa = PBXFileReference; lastKnownFileType = sourcecode.swift; path = AllProducts.swift; sourceTree = "<group>"; };
		7904571A2BE2972F0009FA34 /* access_control.control.mx */ = {isa = PBXFileReference; lastKnownFileType = file; path = access_control.control.mx; sourceTree = "<group>"; };
		7904571B2BE2972F0009FA34 /* access_control.versions.mx */ = {isa = PBXFileReference; lastKnownFileType = file; path = access_control.versions.mx; sourceTree = "<group>"; };
		7904571C2BE2972F0009FA34 /* access_control.write.mx */ = {isa = PBXFileReference; lastKnownFileType = file; path = access_control.write.mx; sourceTree = "<group>"; };
		7904571E2BE2972F0009FA34 /* productsFromProject.realm */ = {isa = PBXFileReference; lastKnownFileType = file; path = productsFromProject.realm; sourceTree = "<group>"; };
		7904571F2BE2972F0009FA34 /* productsFromProject.realm.lock */ = {isa = PBXFileReference; lastKnownFileType = file; path = productsFromProject.realm.lock; sourceTree = "<group>"; };
		790457252BE3E5AF0009FA34 /* TexturedView.swift */ = {isa = PBXFileReference; lastKnownFileType = sourcecode.swift; path = TexturedView.swift; sourceTree = "<group>"; };
		7916A8AD2C1A23080032B3C0 /* en */ = {isa = PBXFileReference; lastKnownFileType = text.plist.strings; name = en; path = en.lproj/Main.strings; sourceTree = "<group>"; };
		7916A8AE2C1A23080032B3C0 /* en */ = {isa = PBXFileReference; lastKnownFileType = text.plist.strings; name = en; path = en.lproj/LaunchScreen.strings; sourceTree = "<group>"; };
		7916A8B32C1AB0600032B3C0 /* ru */ = {isa = PBXFileReference; lastKnownFileType = text.plist.strings; name = ru; path = ru.lproj/Localizable.strings; sourceTree = "<group>"; };
		7916A8B52C1AB0D30032B3C0 /* en */ = {isa = PBXFileReference; lastKnownFileType = text.plist.strings; name = en; path = en.lproj/Localizable.strings; sourceTree = "<group>"; };
		7916A8B62C1ACA600032B3C0 /* String + Ext.swift */ = {isa = PBXFileReference; lastKnownFileType = sourcecode.swift; path = "String + Ext.swift"; sourceTree = "<group>"; };
		792DB1872BBADF4800209193 /* MyCalories.app */ = {isa = PBXFileReference; explicitFileType = wrapper.application; includeInIndex = 0; path = MyCalories.app; sourceTree = BUILT_PRODUCTS_DIR; };
		792DB18A2BBADF4800209193 /* AppDelegate.swift */ = {isa = PBXFileReference; lastKnownFileType = sourcecode.swift; path = AppDelegate.swift; sourceTree = "<group>"; };
		792DB18C2BBADF4800209193 /* SceneDelegate.swift */ = {isa = PBXFileReference; lastKnownFileType = sourcecode.swift; path = SceneDelegate.swift; sourceTree = "<group>"; };
		792DB18E2BBADF4800209193 /* MainViewController.swift */ = {isa = PBXFileReference; lastKnownFileType = sourcecode.swift; path = MainViewController.swift; sourceTree = "<group>"; };
		792DB1912BBADF4800209193 /* Base */ = {isa = PBXFileReference; lastKnownFileType = file.storyboard; name = Base; path = Base.lproj/Main.storyboard; sourceTree = "<group>"; };
		792DB1932BBADF4900209193 /* Assets.xcassets */ = {isa = PBXFileReference; lastKnownFileType = folder.assetcatalog; path = Assets.xcassets; sourceTree = "<group>"; };
		792DB1962BBADF4900209193 /* Base */ = {isa = PBXFileReference; lastKnownFileType = file.storyboard; name = Base; path = Base.lproj/LaunchScreen.storyboard; sourceTree = "<group>"; };
		7946F7ED2BBB1B58005C3F33 /* ProfileViewController.swift */ = {isa = PBXFileReference; lastKnownFileType = sourcecode.swift; path = ProfileViewController.swift; sourceTree = "<group>"; };
		7946F8272BC068C8005C3F33 /* SettingsViewController.swift */ = {isa = PBXFileReference; lastKnownFileType = sourcecode.swift; path = SettingsViewController.swift; sourceTree = "<group>"; };
		7946F82A2BC1F630005C3F33 /* Settings.swift */ = {isa = PBXFileReference; lastKnownFileType = sourcecode.swift; path = Settings.swift; sourceTree = "<group>"; };
		7946F82D2BC1F6AF005C3F33 /* StorageManager.swift */ = {isa = PBXFileReference; lastKnownFileType = sourcecode.swift; path = StorageManager.swift; sourceTree = "<group>"; };
		7946F8332BC28E60005C3F33 /* UIScrollView + Ext.swift */ = {isa = PBXFileReference; lastKnownFileType = sourcecode.swift; path = "UIScrollView + Ext.swift"; sourceTree = "<group>"; };
		7946F8402BC2F914005C3F33 /* CircularProgressBar.swift */ = {isa = PBXFileReference; lastKnownFileType = sourcecode.swift; path = CircularProgressBar.swift; sourceTree = "<group>"; };
		7946F8422BC44B61005C3F33 /* ProductsListViewCell.swift */ = {isa = PBXFileReference; lastKnownFileType = sourcecode.swift; path = ProductsListViewCell.swift; sourceTree = "<group>"; };
		7946F8482BC455F9005C3F33 /* History.swift */ = {isa = PBXFileReference; lastKnownFileType = sourcecode.swift; path = History.swift; sourceTree = "<group>"; };
		7946F8CC2BCA9904005C3F33 /* Person.swift */ = {isa = PBXFileReference; lastKnownFileType = sourcecode.swift; path = Person.swift; sourceTree = "<group>"; };
		7946F8CE2BCBD712005C3F33 /* AddProductToHistoryViewController.swift */ = {isa = PBXFileReference; lastKnownFileType = sourcecode.swift; path = AddProductToHistoryViewController.swift; sourceTree = "<group>"; };
		7946F8D02BCBE6B8005C3F33 /* UIDatePicker + Ext.swift */ = {isa = PBXFileReference; lastKnownFileType = sourcecode.swift; path = "UIDatePicker + Ext.swift"; sourceTree = "<group>"; };
		7946F8EA2BCC2DF2005C3F33 /* AddNewProductViewController.swift */ = {isa = PBXFileReference; lastKnownFileType = sourcecode.swift; path = AddNewProductViewController.swift; sourceTree = "<group>"; };
		7946F8EC2BCD50E4005C3F33 /* HistoryViewController.swift */ = {isa = PBXFileReference; lastKnownFileType = sourcecode.swift; path = HistoryViewController.swift; sourceTree = "<group>"; };
		7946F8EE2BCD5C34005C3F33 /* Date + Ext.swift */ = {isa = PBXFileReference; lastKnownFileType = sourcecode.swift; path = "Date + Ext.swift"; sourceTree = "<group>"; };
		7946F8F02BCE7C78005C3F33 /* HistoryProductViewCell.swift */ = {isa = PBXFileReference; lastKnownFileType = sourcecode.swift; path = HistoryProductViewCell.swift; sourceTree = "<group>"; };
		795D99B72C027418009AC9CA /* ru */ = {isa = PBXFileReference; lastKnownFileType = text.plist.strings; name = ru; path = ru.lproj/Main.strings; sourceTree = "<group>"; };
		795D99B82C027418009AC9CA /* ru */ = {isa = PBXFileReference; lastKnownFileType = text.plist.strings; name = ru; path = ru.lproj/LaunchScreen.strings; sourceTree = "<group>"; };
		795D99C02C05DD2B009AC9CA /* StoreKit.framework */ = {isa = PBXFileReference; lastKnownFileType = wrapper.framework; name = StoreKit.framework; path = System/Library/Frameworks/StoreKit.framework; sourceTree = SDKROOT; };
		795D99C22C05DDE8009AC9CA /* PurchasesManager.swift */ = {isa = PBXFileReference; lastKnownFileType = sourcecode.swift; path = PurchasesManager.swift; sourceTree = "<group>"; };
		795D99C62C06375A009AC9CA /* PurchasesViewController.swift */ = {isa = PBXFileReference; lastKnownFileType = sourcecode.swift; path = PurchasesViewController.swift; sourceTree = "<group>"; };
		79658B3D2C021100000BD566 /* MyCalories.entitlements */ = {isa = PBXFileReference; lastKnownFileType = text.plist.entitlements; path = MyCalories.entitlements; sourceTree = "<group>"; };
		79658B3E2C02338A000BD566 /* GoogleService-Info.plist */ = {isa = PBXFileReference; fileEncoding = 4; lastKnownFileType = text.plist.xml; path = "GoogleService-Info.plist"; sourceTree = "<group>"; };
		79681EBF2C121F85005D268E /* FAQViewController.swift */ = {isa = PBXFileReference; lastKnownFileType = sourcecode.swift; path = FAQViewController.swift; sourceTree = "<group>"; };
		79BD10552BF69B20005C049A /* UIViewController + Ext.swift */ = {isa = PBXFileReference; lastKnownFileType = sourcecode.swift; path = "UIViewController + Ext.swift"; sourceTree = "<group>"; };
		79CBA7922C0A2E7D008EED18 /* SearchProduct.swift */ = {isa = PBXFileReference; lastKnownFileType = sourcecode.swift; path = SearchProduct.swift; sourceTree = "<group>"; };
		79FE15352C1B0B42001A9384 /* Info.plist */ = {isa = PBXFileReference; lastKnownFileType = text.plist.xml; path = Info.plist; sourceTree = "<group>"; };
		79FE15472C1CB137001A9384 /* en */ = {isa = PBXFileReference; lastKnownFileType = text.plist.strings; name = en; path = en.lproj/InfoPlist.strings; sourceTree = "<group>"; };
		79FE15492C1CB13A001A9384 /* ru */ = {isa = PBXFileReference; lastKnownFileType = text.plist.strings; name = ru; path = ru.lproj/InfoPlist.strings; sourceTree = "<group>"; };
/* End PBXFileReference section */

/* Begin PBXFrameworksBuildPhase section */
		792DB1842BBADF4800209193 /* Frameworks */ = {
			isa = PBXFrameworksBuildPhase;
			buildActionMask = 2147483647;
			files = (
				795D99D02C077E9D009AC9CA /* TPInAppReceipt in Frameworks */,
				795D99C82C077C53009AC9CA /* StoreKit.framework in Frameworks */,
				79658B492C0240E8000BD566 /* FirebaseMessaging in Frameworks */,
				79658B442C0235D8000BD566 /* FirebaseAnalyticsSwift in Frameworks */,
				7946F83B2BC2B0BE005C3F33 /* RealmSwift in Frameworks */,
				795D99BA2C02774E009AC9CA /* FirebaseCrashlytics in Frameworks */,
				79CBA7912C08E599008EED18 /* BarcodeScanner in Frameworks */,
				795D99BD2C04C78D009AC9CA /* GoogleMobileAds in Frameworks */,
				7946F8392BC2B0BE005C3F33 /* Realm in Frameworks */,
				79658B462C0235D8000BD566 /* FirebaseAppCheck in Frameworks */,
				79658B422C0235D8000BD566 /* FirebaseAnalytics in Frameworks */,
			);
			runOnlyForDeploymentPostprocessing = 0;
		};
/* End PBXFrameworksBuildPhase section */

/* Begin PBXGroup section */
		7904571D2BE2972F0009FA34 /* productsFromProject.realm.management */ = {
			isa = PBXGroup;
			children = (
				7904571A2BE2972F0009FA34 /* access_control.control.mx */,
				7904571B2BE2972F0009FA34 /* access_control.versions.mx */,
				7904571C2BE2972F0009FA34 /* access_control.write.mx */,
			);
			path = productsFromProject.realm.management;
			sourceTree = "<group>";
		};
		792DB17E2BBADF4800209193 = {
			isa = PBXGroup;
			children = (
				792DB1892BBADF4800209193 /* MyCalories */,
				792DB1882BBADF4800209193 /* Products */,
				79658B472C0240E8000BD566 /* Frameworks */,
			);
			sourceTree = "<group>";
		};
		792DB1882BBADF4800209193 /* Products */ = {
			isa = PBXGroup;
			children = (
				792DB1872BBADF4800209193 /* MyCalories.app */,
			);
			name = Products;
			sourceTree = "<group>";
		};
		792DB1892BBADF4800209193 /* MyCalories */ = {
			isa = PBXGroup;
			children = (
				79658B3E2C02338A000BD566 /* GoogleService-Info.plist */,
				79658B3D2C021100000BD566 /* MyCalories.entitlements */,
				792DB19F2BBADFE300209193 /* ViewControllers */,
				792DB1A02BBADFEE00209193 /* Storyboards */,
				7946F82C2BC1F6A1005C3F33 /* Services */,
				7946F8292BC1F60E005C3F33 /* Models */,
				7946F83F2BC2F904005C3F33 /* Views */,
				7946F8322BC28E49005C3F33 /* Extensions */,
				792DB19E2BBADFDC00209193 /* App */,
				7946F84B2BC5AE6C005C3F33 /* Resources */,
			);
			path = MyCalories;
			sourceTree = "<group>";
		};
		792DB19E2BBADFDC00209193 /* App */ = {
			isa = PBXGroup;
			children = (
				792DB18A2BBADF4800209193 /* AppDelegate.swift */,
				792DB18C2BBADF4800209193 /* SceneDelegate.swift */,
				79FE15352C1B0B42001A9384 /* Info.plist */,
			);
			path = App;
			sourceTree = "<group>";
		};
		792DB19F2BBADFE300209193 /* ViewControllers */ = {
			isa = PBXGroup;
			children = (
				792DB18E2BBADF4800209193 /* MainViewController.swift */,
				7946F7ED2BBB1B58005C3F33 /* ProfileViewController.swift */,
				7946F8EC2BCD50E4005C3F33 /* HistoryViewController.swift */,
				7946F8272BC068C8005C3F33 /* SettingsViewController.swift */,
				7946F8CE2BCBD712005C3F33 /* AddProductToHistoryViewController.swift */,
				7946F8EA2BCC2DF2005C3F33 /* AddNewProductViewController.swift */,
				790456BE2BE193EE0009FA34 /* EditWeightViewController.swift */,
				795D99C62C06375A009AC9CA /* PurchasesViewController.swift */,
				79681EBF2C121F85005D268E /* FAQViewController.swift */,
			);
			path = ViewControllers;
			sourceTree = "<group>";
		};
		792DB1A02BBADFEE00209193 /* Storyboards */ = {
			isa = PBXGroup;
			children = (
				792DB1902BBADF4800209193 /* Main.storyboard */,
				792DB1952BBADF4900209193 /* LaunchScreen.storyboard */,
			);
			path = Storyboards;
			sourceTree = "<group>";
		};
		7946F8292BC1F60E005C3F33 /* Models */ = {
			isa = PBXGroup;
			children = (
				7946F8CC2BCA9904005C3F33 /* Person.swift */,
				790456C42BE26DB80009FA34 /* AllProducts.swift */,
				7946F8482BC455F9005C3F33 /* History.swift */,
				790456722BDD2A8B0009FA34 /* AllNutritions.swift */,
				7946F82A2BC1F630005C3F33 /* Settings.swift */,
				79CBA7922C0A2E7D008EED18 /* SearchProduct.swift */,
			);
			path = Models;
			sourceTree = "<group>";
		};
		7946F82C2BC1F6A1005C3F33 /* Services */ = {
			isa = PBXGroup;
			children = (
				7946F82D2BC1F6AF005C3F33 /* StorageManager.swift */,
				795D99C22C05DDE8009AC9CA /* PurchasesManager.swift */,
			);
			path = Services;
			sourceTree = "<group>";
		};
		7946F8322BC28E49005C3F33 /* Extensions */ = {
			isa = PBXGroup;
			children = (
				7946F8332BC28E60005C3F33 /* UIScrollView + Ext.swift */,
				7946F8D02BCBE6B8005C3F33 /* UIDatePicker + Ext.swift */,
				7946F8EE2BCD5C34005C3F33 /* Date + Ext.swift */,
				790456702BDD0C040009FA34 /* UIView + Ext.swift */,
				790456C22BE22C290009FA34 /* UITextField + Ext.swift */,
				79BD10552BF69B20005C049A /* UIViewController + Ext.swift */,
				7916A8B62C1ACA600032B3C0 /* String + Ext.swift */,
			);
			path = Extensions;
			sourceTree = "<group>";
		};
		7946F83F2BC2F904005C3F33 /* Views */ = {
			isa = PBXGroup;
			children = (
				7946F8402BC2F914005C3F33 /* CircularProgressBar.swift */,
				7946F8422BC44B61005C3F33 /* ProductsListViewCell.swift */,
				7946F8F02BCE7C78005C3F33 /* HistoryProductViewCell.swift */,
				790457252BE3E5AF0009FA34 /* TexturedView.swift */,
			);
			path = Views;
			sourceTree = "<group>";
		};
		7946F84B2BC5AE6C005C3F33 /* Resources */ = {
			isa = PBXGroup;
			children = (
				7904571E2BE2972F0009FA34 /* productsFromProject.realm */,
				7904571F2BE2972F0009FA34 /* productsFromProject.realm.lock */,
				7904571D2BE2972F0009FA34 /* productsFromProject.realm.management */,
				792DB1932BBADF4900209193 /* Assets.xcassets */,
				7916A8B22C1AB0600032B3C0 /* Localizable.strings */,
				79FE15462C1CB137001A9384 /* InfoPlist.strings */,
			);
			path = Resources;
			sourceTree = "<group>";
		};
		79658B472C0240E8000BD566 /* Frameworks */ = {
			isa = PBXGroup;
			children = (
				795D99C02C05DD2B009AC9CA /* StoreKit.framework */,
			);
			name = Frameworks;
			sourceTree = "<group>";
		};
/* End PBXGroup section */

/* Begin PBXNativeTarget section */
		792DB1862BBADF4800209193 /* MyCalories */ = {
			isa = PBXNativeTarget;
			buildConfigurationList = 792DB19B2BBADF4900209193 /* Build configuration list for PBXNativeTarget "MyCalories" */;
			buildPhases = (
				792DB1832BBADF4800209193 /* Sources */,
				792DB1842BBADF4800209193 /* Frameworks */,
				792DB1852BBADF4800209193 /* Resources */,
			);
			buildRules = (
			);
			dependencies = (
			);
			name = MyCalories;
			packageProductDependencies = (
				7946F8382BC2B0BE005C3F33 /* Realm */,
				7946F83A2BC2B0BE005C3F33 /* RealmSwift */,
				79658B412C0235D8000BD566 /* FirebaseAnalytics */,
				79658B432C0235D8000BD566 /* FirebaseAnalyticsSwift */,
				79658B452C0235D8000BD566 /* FirebaseAppCheck */,
				79658B482C0240E8000BD566 /* FirebaseMessaging */,
				795D99B92C02774E009AC9CA /* FirebaseCrashlytics */,
				795D99BC2C04C78D009AC9CA /* GoogleMobileAds */,
				795D99CF2C077E9D009AC9CA /* TPInAppReceipt */,
				79CBA7902C08E599008EED18 /* BarcodeScanner */,
			);
			productName = MyCalories;
			productReference = 792DB1872BBADF4800209193 /* MyCalories.app */;
			productType = "com.apple.product-type.application";
		};
/* End PBXNativeTarget section */

/* Begin PBXProject section */
		792DB17F2BBADF4800209193 /* Project object */ = {
			isa = PBXProject;
			attributes = {
				BuildIndependentTargetsInParallel = 1;
				LastSwiftUpdateCheck = 1530;
				LastUpgradeCheck = 1530;
				TargetAttributes = {
					792DB1862BBADF4800209193 = {
						CreatedOnToolsVersion = 15.3;
					};
				};
			};
			buildConfigurationList = 792DB1822BBADF4800209193 /* Build configuration list for PBXProject "MyCalories" */;
			compatibilityVersion = "Xcode 14.0";
			developmentRegion = ru;
			hasScannedForEncodings = 0;
			knownRegions = (
				Base,
				ru,
				en,
			);
			mainGroup = 792DB17E2BBADF4800209193;
			packageReferences = (
				7946F8372BC2B0BE005C3F33 /* XCRemoteSwiftPackageReference "realm-swift" */,
				79658B402C0235D8000BD566 /* XCRemoteSwiftPackageReference "firebase-ios-sdk" */,
				795D99BB2C04C78D009AC9CA /* XCRemoteSwiftPackageReference "swift-package-manager-google-mobile-ads" */,
				795D99CB2C077C72009AC9CA /* XCRemoteSwiftPackageReference "SwiftyStoreKit" */,
				795D99CE2C077E9D009AC9CA /* XCRemoteSwiftPackageReference "TPInAppReceipt" */,
				79CBA78F2C08E599008EED18 /* XCRemoteSwiftPackageReference "BarcodeScanner" */,
			);
			productRefGroup = 792DB1882BBADF4800209193 /* Products */;
			projectDirPath = "";
			projectRoot = "";
			targets = (
				792DB1862BBADF4800209193 /* MyCalories */,
			);
		};
/* End PBXProject section */

/* Begin PBXResourcesBuildPhase section */
		792DB1852BBADF4800209193 /* Resources */ = {
			isa = PBXResourcesBuildPhase;
			buildActionMask = 2147483647;
			files = (
				792DB1942BBADF4900209193 /* Assets.xcassets in Resources */,
				7916A8AF2C1A2D480032B3C0 /* Main.storyboard in Resources */,
				790457232BE2972F0009FA34 /* productsFromProject.realm in Resources */,
				79658B3F2C02338A000BD566 /* GoogleService-Info.plist in Resources */,
				790457202BE2972F0009FA34 /* access_control.control.mx in Resources */,
				7916A8B42C1AB0600032B3C0 /* Localizable.strings in Resources */,
				790457242BE2972F0009FA34 /* productsFromProject.realm.lock in Resources */,
				792DB1972BBADF4900209193 /* Base in Resources */,
				790457222BE2972F0009FA34 /* access_control.write.mx in Resources */,
				79FE15482C1CB137001A9384 /* InfoPlist.strings in Resources */,
				790457212BE2972F0009FA34 /* access_control.versions.mx in Resources */,
			);
			runOnlyForDeploymentPostprocessing = 0;
		};
/* End PBXResourcesBuildPhase section */

/* Begin PBXSourcesBuildPhase section */
		792DB1832BBADF4800209193 /* Sources */ = {
			isa = PBXSourcesBuildPhase;
			buildActionMask = 2147483647;
			files = (
				7946F82B2BC1F631005C3F33 /* Settings.swift in Sources */,
				792DB18F2BBADF4800209193 /* MainViewController.swift in Sources */,
				790457262BE3E5AF0009FA34 /* TexturedView.swift in Sources */,
				790456732BDD2A8B0009FA34 /* AllNutritions.swift in Sources */,
				792DB18B2BBADF4800209193 /* AppDelegate.swift in Sources */,
				79CBA7932C0A2E7D008EED18 /* SearchProduct.swift in Sources */,
				7946F8D12BCBE6B8005C3F33 /* UIDatePicker + Ext.swift in Sources */,
				7946F8CD2BCA9904005C3F33 /* Person.swift in Sources */,
				7946F8F12BCE7C78005C3F33 /* HistoryProductViewCell.swift in Sources */,
				79681EC02C121F85005D268E /* FAQViewController.swift in Sources */,
				7946F8432BC44B61005C3F33 /* ProductsListViewCell.swift in Sources */,
				790456C52BE26DB80009FA34 /* AllProducts.swift in Sources */,
				7916A8B72C1ACA600032B3C0 /* String + Ext.swift in Sources */,
				790456712BDD0C040009FA34 /* UIView + Ext.swift in Sources */,
				7946F8EF2BCD5C34005C3F33 /* Date + Ext.swift in Sources */,
				7946F8492BC455F9005C3F33 /* History.swift in Sources */,
				790456BF2BE193EE0009FA34 /* EditWeightViewController.swift in Sources */,
				790456C32BE22C290009FA34 /* UITextField + Ext.swift in Sources */,
				795D99C72C06375A009AC9CA /* PurchasesViewController.swift in Sources */,
				7946F7EE2BBB1B58005C3F33 /* ProfileViewController.swift in Sources */,
				7946F8412BC2F914005C3F33 /* CircularProgressBar.swift in Sources */,
				79BD10562BF69B20005C049A /* UIViewController + Ext.swift in Sources */,
				7946F8CF2BCBD712005C3F33 /* AddProductToHistoryViewController.swift in Sources */,
				7946F8282BC068C8005C3F33 /* SettingsViewController.swift in Sources */,
				795D99C32C05DDE8009AC9CA /* PurchasesManager.swift in Sources */,
				7946F8ED2BCD50E4005C3F33 /* HistoryViewController.swift in Sources */,
				7946F8342BC28E60005C3F33 /* UIScrollView + Ext.swift in Sources */,
				7946F8EB2BCC2DF2005C3F33 /* AddNewProductViewController.swift in Sources */,
				7946F82E2BC1F6AF005C3F33 /* StorageManager.swift in Sources */,
				792DB18D2BBADF4800209193 /* SceneDelegate.swift in Sources */,
			);
			runOnlyForDeploymentPostprocessing = 0;
		};
/* End PBXSourcesBuildPhase section */

/* Begin PBXVariantGroup section */
		7916A8B22C1AB0600032B3C0 /* Localizable.strings */ = {
			isa = PBXVariantGroup;
			children = (
				7916A8B32C1AB0600032B3C0 /* ru */,
				7916A8B52C1AB0D30032B3C0 /* en */,
			);
			name = Localizable.strings;
			sourceTree = "<group>";
		};
		792DB1902BBADF4800209193 /* Main.storyboard */ = {
			isa = PBXVariantGroup;
			children = (
				792DB1912BBADF4800209193 /* Base */,
				795D99B72C027418009AC9CA /* ru */,
				7916A8AD2C1A23080032B3C0 /* en */,
			);
			name = Main.storyboard;
			sourceTree = "<group>";
		};
		792DB1952BBADF4900209193 /* LaunchScreen.storyboard */ = {
			isa = PBXVariantGroup;
			children = (
				792DB1962BBADF4900209193 /* Base */,
				795D99B82C027418009AC9CA /* ru */,
				7916A8AE2C1A23080032B3C0 /* en */,
			);
			name = LaunchScreen.storyboard;
			sourceTree = "<group>";
		};
		79FE15462C1CB137001A9384 /* InfoPlist.strings */ = {
			isa = PBXVariantGroup;
			children = (
				79FE15472C1CB137001A9384 /* en */,
				79FE15492C1CB13A001A9384 /* ru */,
			);
			name = InfoPlist.strings;
			sourceTree = "<group>";
		};
/* End PBXVariantGroup section */

/* Begin XCBuildConfiguration section */
		792DB1992BBADF4900209193 /* Debug */ = {
			isa = XCBuildConfiguration;
			buildSettings = {
				ALWAYS_SEARCH_USER_PATHS = NO;
				ASSETCATALOG_COMPILER_GENERATE_SWIFT_ASSET_SYMBOL_EXTENSIONS = YES;
				CLANG_ANALYZER_LOCALIZABILITY_NONLOCALIZED = YES;
				CLANG_ANALYZER_NONNULL = YES;
				CLANG_ANALYZER_NUMBER_OBJECT_CONVERSION = YES_AGGRESSIVE;
				CLANG_CXX_LANGUAGE_STANDARD = "gnu++20";
				CLANG_ENABLE_MODULES = YES;
				CLANG_ENABLE_OBJC_ARC = YES;
				CLANG_ENABLE_OBJC_WEAK = YES;
				CLANG_WARN_BLOCK_CAPTURE_AUTORELEASING = YES;
				CLANG_WARN_BOOL_CONVERSION = YES;
				CLANG_WARN_COMMA = YES;
				CLANG_WARN_CONSTANT_CONVERSION = YES;
				CLANG_WARN_DEPRECATED_OBJC_IMPLEMENTATIONS = YES;
				CLANG_WARN_DIRECT_OBJC_ISA_USAGE = YES_ERROR;
				CLANG_WARN_DOCUMENTATION_COMMENTS = YES;
				CLANG_WARN_EMPTY_BODY = YES;
				CLANG_WARN_ENUM_CONVERSION = YES;
				CLANG_WARN_INFINITE_RECURSION = YES;
				CLANG_WARN_INT_CONVERSION = YES;
				CLANG_WARN_NON_LITERAL_NULL_CONVERSION = YES;
				CLANG_WARN_OBJC_IMPLICIT_RETAIN_SELF = YES;
				CLANG_WARN_OBJC_LITERAL_CONVERSION = YES;
				CLANG_WARN_OBJC_ROOT_CLASS = YES_ERROR;
				CLANG_WARN_QUOTED_INCLUDE_IN_FRAMEWORK_HEADER = YES;
				CLANG_WARN_RANGE_LOOP_ANALYSIS = YES;
				CLANG_WARN_STRICT_PROTOTYPES = YES;
				CLANG_WARN_SUSPICIOUS_MOVE = YES;
				CLANG_WARN_UNGUARDED_AVAILABILITY = YES_AGGRESSIVE;
				CLANG_WARN_UNREACHABLE_CODE = YES;
				CLANG_WARN__DUPLICATE_METHOD_MATCH = YES;
				COPY_PHASE_STRIP = NO;
				DEBUG_INFORMATION_FORMAT = dwarf;
				ENABLE_STRICT_OBJC_MSGSEND = YES;
				ENABLE_TESTABILITY = YES;
				ENABLE_USER_SCRIPT_SANDBOXING = YES;
				GCC_C_LANGUAGE_STANDARD = gnu17;
				GCC_DYNAMIC_NO_PIC = NO;
				GCC_NO_COMMON_BLOCKS = YES;
				GCC_OPTIMIZATION_LEVEL = 0;
				GCC_PREPROCESSOR_DEFINITIONS = (
					"DEBUG=1",
					"$(inherited)",
				);
				GCC_WARN_64_TO_32_BIT_CONVERSION = YES;
				GCC_WARN_ABOUT_RETURN_TYPE = YES_ERROR;
				GCC_WARN_UNDECLARED_SELECTOR = YES;
				GCC_WARN_UNINITIALIZED_AUTOS = YES_AGGRESSIVE;
				GCC_WARN_UNUSED_FUNCTION = YES;
				GCC_WARN_UNUSED_VARIABLE = YES;
				IPHONEOS_DEPLOYMENT_TARGET = 17.4;
				LOCALIZATION_PREFERS_STRING_CATALOGS = YES;
				MTL_ENABLE_DEBUG_INFO = INCLUDE_SOURCE;
				MTL_FAST_MATH = YES;
				ONLY_ACTIVE_ARCH = YES;
				SDKROOT = iphoneos;
				SWIFT_ACTIVE_COMPILATION_CONDITIONS = "DEBUG $(inherited)";
				SWIFT_OPTIMIZATION_LEVEL = "-Onone";
			};
			name = Debug;
		};
		792DB19A2BBADF4900209193 /* Release */ = {
			isa = XCBuildConfiguration;
			buildSettings = {
				ALWAYS_SEARCH_USER_PATHS = NO;
				ASSETCATALOG_COMPILER_GENERATE_SWIFT_ASSET_SYMBOL_EXTENSIONS = YES;
				CLANG_ANALYZER_LOCALIZABILITY_NONLOCALIZED = YES;
				CLANG_ANALYZER_NONNULL = YES;
				CLANG_ANALYZER_NUMBER_OBJECT_CONVERSION = YES_AGGRESSIVE;
				CLANG_CXX_LANGUAGE_STANDARD = "gnu++20";
				CLANG_ENABLE_MODULES = YES;
				CLANG_ENABLE_OBJC_ARC = YES;
				CLANG_ENABLE_OBJC_WEAK = YES;
				CLANG_WARN_BLOCK_CAPTURE_AUTORELEASING = YES;
				CLANG_WARN_BOOL_CONVERSION = YES;
				CLANG_WARN_COMMA = YES;
				CLANG_WARN_CONSTANT_CONVERSION = YES;
				CLANG_WARN_DEPRECATED_OBJC_IMPLEMENTATIONS = YES;
				CLANG_WARN_DIRECT_OBJC_ISA_USAGE = YES_ERROR;
				CLANG_WARN_DOCUMENTATION_COMMENTS = YES;
				CLANG_WARN_EMPTY_BODY = YES;
				CLANG_WARN_ENUM_CONVERSION = YES;
				CLANG_WARN_INFINITE_RECURSION = YES;
				CLANG_WARN_INT_CONVERSION = YES;
				CLANG_WARN_NON_LITERAL_NULL_CONVERSION = YES;
				CLANG_WARN_OBJC_IMPLICIT_RETAIN_SELF = YES;
				CLANG_WARN_OBJC_LITERAL_CONVERSION = YES;
				CLANG_WARN_OBJC_ROOT_CLASS = YES_ERROR;
				CLANG_WARN_QUOTED_INCLUDE_IN_FRAMEWORK_HEADER = YES;
				CLANG_WARN_RANGE_LOOP_ANALYSIS = YES;
				CLANG_WARN_STRICT_PROTOTYPES = YES;
				CLANG_WARN_SUSPICIOUS_MOVE = YES;
				CLANG_WARN_UNGUARDED_AVAILABILITY = YES_AGGRESSIVE;
				CLANG_WARN_UNREACHABLE_CODE = YES;
				CLANG_WARN__DUPLICATE_METHOD_MATCH = YES;
				COPY_PHASE_STRIP = NO;
				DEBUG_INFORMATION_FORMAT = "dwarf-with-dsym";
				ENABLE_NS_ASSERTIONS = NO;
				ENABLE_STRICT_OBJC_MSGSEND = YES;
				ENABLE_USER_SCRIPT_SANDBOXING = YES;
				GCC_C_LANGUAGE_STANDARD = gnu17;
				GCC_NO_COMMON_BLOCKS = YES;
				GCC_WARN_64_TO_32_BIT_CONVERSION = YES;
				GCC_WARN_ABOUT_RETURN_TYPE = YES_ERROR;
				GCC_WARN_UNDECLARED_SELECTOR = YES;
				GCC_WARN_UNINITIALIZED_AUTOS = YES_AGGRESSIVE;
				GCC_WARN_UNUSED_FUNCTION = YES;
				GCC_WARN_UNUSED_VARIABLE = YES;
				IPHONEOS_DEPLOYMENT_TARGET = 17.4;
				LOCALIZATION_PREFERS_STRING_CATALOGS = YES;
				MTL_ENABLE_DEBUG_INFO = NO;
				MTL_FAST_MATH = YES;
				SDKROOT = iphoneos;
				SWIFT_COMPILATION_MODE = wholemodule;
				VALIDATE_PRODUCT = YES;
			};
			name = Release;
		};
		792DB19C2BBADF4900209193 /* Debug */ = {
			isa = XCBuildConfiguration;
			buildSettings = {
				ASSETCATALOG_COMPILER_APPICON_NAME = AppIcon;
				ASSETCATALOG_COMPILER_GLOBAL_ACCENT_COLOR_NAME = AccentColor;
				ASSETCATALOG_COMPILER_INCLUDE_ALL_APPICON_ASSETS = YES;
				CODE_SIGN_ENTITLEMENTS = MyCalories/MyCalories.entitlements;
				CODE_SIGN_IDENTITY = "Apple Development";
				CODE_SIGN_STYLE = Automatic;
				CURRENT_PROJECT_VERSION = 13;
				DEVELOPMENT_TEAM = GNN7DQ637Y;
				GENERATE_INFOPLIST_FILE = YES;
				INFOPLIST_FILE = MyCalories/App/Info.plist;
				INFOPLIST_KEY_CFBundleDisplayName = "$(PRODUCT_NAME)";
				INFOPLIST_KEY_LSApplicationCategoryType = "public.app-category.healthcare-fitness";
				INFOPLIST_KEY_NSCameraUsageDescription = "Для сканирования продуктов разрешите доступ к камере.";
				INFOPLIST_KEY_NSUserTrackingUsageDescription = "Помогите улучшить рекламу, разрешив её отслеживание.";
				INFOPLIST_KEY_UIApplicationSupportsIndirectInputEvents = YES;
				INFOPLIST_KEY_UILaunchStoryboardName = LaunchScreen.storyboard;
				INFOPLIST_KEY_UIMainStoryboardFile = Main;
				INFOPLIST_KEY_UIStatusBarStyle = UIStatusBarStyleLightContent;
				INFOPLIST_KEY_UISupportedInterfaceOrientations = UIInterfaceOrientationPortrait;
				INFOPLIST_KEY_UIUserInterfaceStyle = Light;
				IPHONEOS_DEPLOYMENT_TARGET = 15.0;
				LD_RUNPATH_SEARCH_PATHS = (
					"$(inherited)",
					"@executable_path/Frameworks",
				);
				MARKETING_VERSION = 1.3.2;
				PRODUCT_BUNDLE_IDENTIFIER = "Ivan-Semikin.MyCalories";
				PRODUCT_NAME = "$(TARGET_NAME)";
				PROVISIONING_PROFILE_SPECIFIER = "";
				SUPPORTED_PLATFORMS = "iphoneos iphonesimulator";
				SUPPORTS_MACCATALYST = NO;
				SUPPORTS_MAC_DESIGNED_FOR_IPHONE_IPAD = NO;
				SUPPORTS_XR_DESIGNED_FOR_IPHONE_IPAD = NO;
				SWIFT_EMIT_LOC_STRINGS = YES;
				SWIFT_VERSION = 5.0;
				TARGETED_DEVICE_FAMILY = 1;
			};
			name = Debug;
		};
		792DB19D2BBADF4900209193 /* Release */ = {
			isa = XCBuildConfiguration;
			buildSettings = {
				ASSETCATALOG_COMPILER_APPICON_NAME = AppIcon;
				ASSETCATALOG_COMPILER_GLOBAL_ACCENT_COLOR_NAME = AccentColor;
				ASSETCATALOG_COMPILER_INCLUDE_ALL_APPICON_ASSETS = YES;
				CODE_SIGN_ENTITLEMENTS = MyCalories/MyCalories.entitlements;
				CODE_SIGN_IDENTITY = "Apple Development";
				CODE_SIGN_STYLE = Automatic;
				CURRENT_PROJECT_VERSION = 13;
				DEVELOPMENT_TEAM = GNN7DQ637Y;
				GENERATE_INFOPLIST_FILE = YES;
				INFOPLIST_FILE = MyCalories/App/Info.plist;
				INFOPLIST_KEY_CFBundleDisplayName = "$(PRODUCT_NAME)";
				INFOPLIST_KEY_LSApplicationCategoryType = "public.app-category.healthcare-fitness";
				INFOPLIST_KEY_NSCameraUsageDescription = "Для сканирования продуктов разрешите доступ к камере.";
				INFOPLIST_KEY_NSUserTrackingUsageDescription = "Помогите улучшить рекламу, разрешив её отслеживание.";
				INFOPLIST_KEY_UIApplicationSupportsIndirectInputEvents = YES;
				INFOPLIST_KEY_UILaunchStoryboardName = LaunchScreen.storyboard;
				INFOPLIST_KEY_UIMainStoryboardFile = Main;
				INFOPLIST_KEY_UIStatusBarStyle = UIStatusBarStyleLightContent;
				INFOPLIST_KEY_UISupportedInterfaceOrientations = UIInterfaceOrientationPortrait;
				INFOPLIST_KEY_UIUserInterfaceStyle = Light;
				IPHONEOS_DEPLOYMENT_TARGET = 15.0;
				LD_RUNPATH_SEARCH_PATHS = (
					"$(inherited)",
					"@executable_path/Frameworks",
				);
				MARKETING_VERSION = 1.3.2;
				PRODUCT_BUNDLE_IDENTIFIER = "Ivan-Semikin.MyCalories";
				PRODUCT_NAME = "$(TARGET_NAME)";
				PROVISIONING_PROFILE_SPECIFIER = "";
				SUPPORTED_PLATFORMS = "iphoneos iphonesimulator";
				SUPPORTS_MACCATALYST = NO;
				SUPPORTS_MAC_DESIGNED_FOR_IPHONE_IPAD = NO;
				SUPPORTS_XR_DESIGNED_FOR_IPHONE_IPAD = NO;
				SWIFT_EMIT_LOC_STRINGS = YES;
				SWIFT_VERSION = 5.0;
				TARGETED_DEVICE_FAMILY = 1;
			};
			name = Release;
		};
/* End XCBuildConfiguration section */

/* Begin XCConfigurationList section */
		792DB1822BBADF4800209193 /* Build configuration list for PBXProject "MyCalories" */ = {
			isa = XCConfigurationList;
			buildConfigurations = (
				792DB1992BBADF4900209193 /* Debug */,
				792DB19A2BBADF4900209193 /* Release */,
			);
			defaultConfigurationIsVisible = 0;
			defaultConfigurationName = Release;
		};
		792DB19B2BBADF4900209193 /* Build configuration list for PBXNativeTarget "MyCalories" */ = {
			isa = XCConfigurationList;
			buildConfigurations = (
				792DB19C2BBADF4900209193 /* Debug */,
				792DB19D2BBADF4900209193 /* Release */,
			);
			defaultConfigurationIsVisible = 0;
			defaultConfigurationName = Release;
		};
/* End XCConfigurationList section */

/* Begin XCRemoteSwiftPackageReference section */
		7946F8372BC2B0BE005C3F33 /* XCRemoteSwiftPackageReference "realm-swift" */ = {
			isa = XCRemoteSwiftPackageReference;
			repositoryURL = "https://github.com/realm/realm-swift.git";
			requirement = {
				branch = master;
				kind = branch;
			};
		};
		795D99BB2C04C78D009AC9CA /* XCRemoteSwiftPackageReference "swift-package-manager-google-mobile-ads" */ = {
			isa = XCRemoteSwiftPackageReference;
			repositoryURL = "https://github.com/googleads/swift-package-manager-google-mobile-ads.git";
			requirement = {
				kind = upToNextMajorVersion;
				minimumVersion = 11.5.0;
			};
		};
		795D99CB2C077C72009AC9CA /* XCRemoteSwiftPackageReference "SwiftyStoreKit" */ = {
			isa = XCRemoteSwiftPackageReference;
			repositoryURL = "https://github.com/bizz84/SwiftyStoreKit.git";
			requirement = {
				kind = upToNextMajorVersion;
				minimumVersion = 0.16.4;
			};
		};
		795D99CE2C077E9D009AC9CA /* XCRemoteSwiftPackageReference "TPInAppReceipt" */ = {
			isa = XCRemoteSwiftPackageReference;
			repositoryURL = "https://github.com/tikhop/TPInAppReceipt";
			requirement = {
				kind = upToNextMajorVersion;
				minimumVersion = 3.4.1;
			};
		};
		79658B402C0235D8000BD566 /* XCRemoteSwiftPackageReference "firebase-ios-sdk" */ = {
			isa = XCRemoteSwiftPackageReference;
			repositoryURL = "https://github.com/firebase/firebase-ios-sdk";
			requirement = {
				kind = upToNextMajorVersion;
				minimumVersion = 10.26.0;
			};
		};
		79CBA78F2C08E599008EED18 /* XCRemoteSwiftPackageReference "BarcodeScanner" */ = {
			isa = XCRemoteSwiftPackageReference;
			repositoryURL = "https://github.com/hyperoslo/BarcodeScanner.git";
			requirement = {
				kind = upToNextMajorVersion;
				minimumVersion = 5.0.1;
			};
		};
/* End XCRemoteSwiftPackageReference section */

/* Begin XCSwiftPackageProductDependency section */
		7946F8382BC2B0BE005C3F33 /* Realm */ = {
			isa = XCSwiftPackageProductDependency;
			package = 7946F8372BC2B0BE005C3F33 /* XCRemoteSwiftPackageReference "realm-swift" */;
			productName = Realm;
		};
		7946F83A2BC2B0BE005C3F33 /* RealmSwift */ = {
			isa = XCSwiftPackageProductDependency;
			package = 7946F8372BC2B0BE005C3F33 /* XCRemoteSwiftPackageReference "realm-swift" */;
			productName = RealmSwift;
		};
		795D99B92C02774E009AC9CA /* FirebaseCrashlytics */ = {
			isa = XCSwiftPackageProductDependency;
			package = 79658B402C0235D8000BD566 /* XCRemoteSwiftPackageReference "firebase-ios-sdk" */;
			productName = FirebaseCrashlytics;
		};
		795D99BC2C04C78D009AC9CA /* GoogleMobileAds */ = {
			isa = XCSwiftPackageProductDependency;
			package = 795D99BB2C04C78D009AC9CA /* XCRemoteSwiftPackageReference "swift-package-manager-google-mobile-ads" */;
			productName = GoogleMobileAds;
		};
		795D99CF2C077E9D009AC9CA /* TPInAppReceipt */ = {
			isa = XCSwiftPackageProductDependency;
			package = 795D99CE2C077E9D009AC9CA /* XCRemoteSwiftPackageReference "TPInAppReceipt" */;
			productName = TPInAppReceipt;
		};
		79658B412C0235D8000BD566 /* FirebaseAnalytics */ = {
			isa = XCSwiftPackageProductDependency;
			package = 79658B402C0235D8000BD566 /* XCRemoteSwiftPackageReference "firebase-ios-sdk" */;
			productName = FirebaseAnalytics;
		};
		79658B432C0235D8000BD566 /* FirebaseAnalyticsSwift */ = {
			isa = XCSwiftPackageProductDependency;
			package = 79658B402C0235D8000BD566 /* XCRemoteSwiftPackageReference "firebase-ios-sdk" */;
			productName = FirebaseAnalyticsSwift;
		};
		79658B452C0235D8000BD566 /* FirebaseAppCheck */ = {
			isa = XCSwiftPackageProductDependency;
			package = 79658B402C0235D8000BD566 /* XCRemoteSwiftPackageReference "firebase-ios-sdk" */;
			productName = FirebaseAppCheck;
		};
		79658B482C0240E8000BD566 /* FirebaseMessaging */ = {
			isa = XCSwiftPackageProductDependency;
			package = 79658B402C0235D8000BD566 /* XCRemoteSwiftPackageReference "firebase-ios-sdk" */;
			productName = FirebaseMessaging;
		};
		79CBA7902C08E599008EED18 /* BarcodeScanner */ = {
			isa = XCSwiftPackageProductDependency;
			package = 79CBA78F2C08E599008EED18 /* XCRemoteSwiftPackageReference "BarcodeScanner" */;
			productName = BarcodeScanner;
		};
/* End XCSwiftPackageProductDependency section */
	};
	rootObject = 792DB17F2BBADF4800209193 /* Project object */;
}
